
Microsoft Visual Studio Solution File, Format Version 12.00
# Visual Studio 15
VisualStudioVersion = 15.0.28307.572
MinimumVisualStudioVersion = 10.0.40219.1
Project("{8BC9CEB8-8B4A-11D0-8D11-00A0C91BC942}") = "Circle in square", "Circle in square\Circle in square.vcxproj", "{09A3C7F8-6A88-4045-BD64-00B254F5310B}"
EndProject
Global
	GlobalSection(SolutionConfigurationPlatforms) = preSolution
		Debug|x64 = Debug|x64
		Debug|x86 = Debug|x86
		Release|x64 = Release|x64
		Release|x86 = Release|x86
	EndGlobalSection
	GlobalSection(ProjectConfigurationPlatforms) = postSolution
		{09A3C7F8-6A88-4045-BD64-00B254F5310B}.Debug|x64.ActiveCfg = Debug|x64
		{09A3C7F8-6A88-4045-BD64-00B254F5310B}.Debug|x64.Build.0 = Debug|x64
		{09A3C7F8-6A88-4045-BD64-00B254F5310B}.Debug|x86.ActiveCfg = Debug|Win32
		{09A3C7F8-6A88-4045-BD64-00B254F5310B}.Debug|x86.Build.0 = Debug|Win32
		{09A3C7F8-6A88-4045-BD64-00B254F5310B}.Release|x64.ActiveCfg = Release|x64
		{09A3C7F8-6A88-4045-BD64-00B254F5310B}.Release|x64.Build.0 = Release|x64
		{09A3C7F8-6A88-4045-BD64-00B254F5310B}.Release|x86.ActiveCfg = Release|Win32
		{09A3C7F8-6A88-4045-BD64-00B254F5310B}.Release|x86.Build.0 = Release|Win32
	EndGlobalSection
	GlobalSection(SolutionProperties) = preSolution
		HideSolutionNode = FALSE
	EndGlobalSection
	GlobalSection(ExtensibilityGlobals) = postSolution
		SolutionGuid = {0A9BA012-FB3A-49FE-83E7-8C63805A8FB3}
	EndGlobalSection
EndGlobal
